
Microsoft Visual Studio Solution File, Format Version 10.00
# Visual Studio 2008
Project("{FAE04EC0-301F-11D3-BF4B-00C04F79EFBC}") = "Pronto", "Pronto\Pronto.csproj", "{00759DAB-9EE4-48B4-AB6C-91BC16005C23}"
EndProject
Project("{FAE04EC0-301F-11D3-BF4B-00C04F79EFBC}") = "Pronto.UnitTests", "Pronto.UnitTests\Pronto.UnitTests.csproj", "{95CE37F2-77B2-412F-81CD-3F33ABDB7D00}"
EndProject
Global
	GlobalSection(SolutionConfigurationPlatforms) = preSolution
		Debug|Any CPU = Debug|Any CPU
		Release|Any CPU = Release|Any CPU
	EndGlobalSection
	GlobalSection(ProjectConfigurationPlatforms) = postSolution
		{00759DAB-9EE4-48B4-AB6C-91BC16005C23}.Debug|Any CPU.ActiveCfg = Debug|Any CPU
		{00759DAB-9EE4-48B4-AB6C-91BC16005C23}.Debug|Any CPU.Build.0 = Debug|Any CPU
		{00759DAB-9EE4-48B4-AB6C-91BC16005C23}.Release|Any CPU.ActiveCfg = Release|Any CPU
		{00759DAB-9EE4-48B4-AB6C-91BC16005C23}.Release|Any CPU.Build.0 = Release|Any CPU
		{95CE37F2-77B2-412F-81CD-3F33ABDB7D00}.Debug|Any CPU.ActiveCfg = Debug|Any CPU
		{95CE37F2-77B2-412F-81CD-3F33ABDB7D00}.Debug|Any CPU.Build.0 = Debug|Any CPU
		{95CE37F2-77B2-412F-81CD-3F33ABDB7D00}.Release|Any CPU.ActiveCfg = Release|Any CPU
		{95CE37F2-77B2-412F-81CD-3F33ABDB7D00}.Release|Any CPU.Build.0 = Release|Any CPU
	EndGlobalSection
	GlobalSection(SolutionProperties) = preSolution
		HideSolutionNode = FALSE
	EndGlobalSection
EndGlobal
